github.com/AndreasBriese/bbloom v0.0.0-20190306092124-e2d15f34fcf9 h1:HD8gA2tkByhMAwYaFAX9w2l7vxvBQ5NMoxDrkhqhtn4=
github.com/AndreasBriese/bbloom v0.0.0-20190306092124-e2d15f34fcf9/go.mod h1:bOvUY6CB00SOBii9/FifXqc0awNKxLFCL/+pkDPuyl8=
github.com/davecgh/go-spew v1.1.0 h1:ZDRjVQ15GmhC3fiQ8ni8+OwkZQO4DARzQgrnXU1Liz8=
github.com/davecgh/go-spew v1.1.0/go.mod h1:J7Y8YcW2NihsgmVo/mv3lAwl/skON4iLHjSsI+c5H38=
github.com/deckarep/golang-set v1.7.1 h1:SCQV0S6gTtp6itiFrTqI+pfmJ4LN85S1YzhDf9rTHJQ=
github.com/deckarep/golang-set v1.7.1/go.mod h1:93vsz/8Wt4joVM7c2AVqh+YRMiUSc14yDtF28KmMOgQ=
github.com/dgraph-io/badger v2.0.0-rc.2+incompatible h1:7KPp6xv5+wymkVUbkAnZZXvmDrJlf09m/7u1HG5lAYA=
github.com/dgraph-io/badger v2.0.0-rc.2+incompatible/go.mod h1:VZxzAIRPHRVNRKRo6AXrX9BJegn6il06VMTZVJYCIjQ=
github.com/dgraph-io/badger v2.0.0-rc2+incompatible h1:6fXfqViMStaKb73bxivvD9hgwYdWyiEKzwWNVkXhslE=
github.com/dgraph-io/badger v2.0.0-rc2+incompatible/go.mod h1:VZxzAIRPHRVNRKRo6AXrX9BJegn6il06VMTZVJYCIjQ=
github.com/dgryski/go-farm v0.0.0-20190323231341-8198c7b169ec h1:sElGDs3V8VdCxH5tWi0ycWJzteOPLJ3HtItSSKI95PY=
github.com/dgryski/go-farm v0.0.0-20190323231341-8198c7b169ec/go.mod h1:SqUrOPUnsFjfmXRMNPybcSiG0BgUW2AuFH8PAnS2iTw=
github.com/dustin/go-humanize v1.0.0 h1:VSnTsYCnlFHaM2/igO1h6X3HA71jcobQuxemgkq4zYo=
github.com/dustin/go-humanize v1.0.0/go.mod h1:HtrtbFcZ19U5GC7JDqmcUSB87Iq5E25KnS6fMYU6eOk=
github.com/golang/protobuf v1.3.1 h1:YF8+flBXS5eO826T4nzqPrxfhQThhXl0YzfuUPu4SBg=
github.com/golang/protobuf v1.3.1/go.mod h1:6lQm79b+lXiMfvg/cZm0SGofjICqVBUtrP5yJMmIC1U=
github.com/philhofer/fwd v1.0.0 h1:UbZqGr5Y38ApvM/V/jEljVxwocdweyH+vmYvRPBnbqQ=
github.com/philhofer/fwd v1.0.0/go.mod h1:gk3iGcWd9+svBvR0sR+KPcfE+RNWozjowpeBVG3ZVNU=
github.com/pkg/errors v0.8.1 h1:iURUrRGxPUNPdy5/HRSm+Yj6okJ6UtLINN0Q9M4+h3I=
github.com/pkg/errors v0.8.1/go.mod h1:bwawxfHBFNV+L2hUp1rHADufV3IMtnDRdf1r5NINEl0=
github.com/pmezard/go-difflib v1.0.0 h1:4DBwDE0NGyQoBHbLQYPwSUPoCMWR5BEzIk/f1lZbAQM=
github.com/pmezard/go-difflib v1.0.0/go.mod h1:iKH77koFhYxTK1pcRnkKkqfTogsbg7gZNVY4sRDYZ/4=
github.com/sony/sonyflake v0.0.0-20181109022403-6d5bd6181009 h1:3wBL/e/qjpSYaXacpbIV+Bsj/nwQ4UO1llG/av54zzw=
github.com/sony/sonyflake v0.0.0-20181109022403-6d5bd6181009/go.mod h1:dVvZuWJd174umvm5g8CmZD6S2GWwHKtpK/0ZPHswuNo=
github.com/stretchr/objx v0.1.0/go.mod h1:HFkY916IF+rwdDfMAkV7OtwuqBVzrE8GR6GFx+wExME=
github.com/stretchr/testify v1.3.0 h1:TivCn/peBQ7UY8ooIcPgZFpTNSz0Q2U6UrFlUfqbe0Q=
github.com/stretchr/testify v1.3.0/go.mod h1:M5WIy9Dh21IEIfnGCwXGc5bZfKNJtfHm1UVUgZn+9EI=
github.com/tinylib/msgp v1.1.0 h1:9fQd+ICuRIu/ue4vxJZu6/LzxN0HwMds2nq/0cFvxHU=
github.com/tinylib/msgp v1.1.0/go.mod h1:+d+yLhGm8mzTaHzB+wgMYrodPfmZrzkirds8fDWklFE=
golang.org/x/crypto v0.0.0-20190308221718-c2843e01d9a2/go.mod h1:djNgcEr1/C05ACkg1iLfiJU5Ep61QUkGW8qpdssI0+w=
golang.org/x/net v0.0.0-20190404232315-eb5bcb51f2a3 h1:0GoQqolDA55aaLxZyTzK/Y2ePZzZTUrRacwib7cNsYQ=
golang.org/x/net v0.0.0-20190404232315-eb5bcb51f2a3/go.mod h1:t9HGtf8HONx5eT2rtn7q6eTqICYqUVnKs3thJo3Qplg=
golang.org/x/sys v0.0.0-20190215142949-d0b11bdaac8a/go.mod h1:STP8DvDyc/dI5b8T5hshtkjS+E42TnysNCUPdjciGhY=
golang.org/x/sys v0.0.0-20190410235845-0ad05ae3009d h1:+9jagSGtlJZAaZGdRvJikXNpc5lh2/rq9eyMN/5kmwA=
golang.org/x/sys v0.0.0-20190410235845-0ad05ae3009d/go.mod h1:h1NjWce9XRLGQEsW7wpKNCjG9DtNlClVuFLEZdDNbEs=
golang.org/x/text v0.3.0/go.mod h1:NqM8EUOU14njkJ3fqMW+pc6Ldnwhi/IjpwHt7yyuwOQ=
